{
  "name": "@renyufei/oss-sign-utils",
  "version": "1.0.0",
  "lockfileVersion": 1,
  "requires": true,
  "dependencies": {
    "crypto-js": {
      "version": "3.1.9-1",
      "resolved": "http://npm.yin126.com:8081/repository/npm/crypto-js/-/crypto-js-3.1.9-1.tgz",
      "integrity": "sha1-/aGedh/Ad+Af+/3G6f38WeiAbNg="
    },
    "lodash.isarray": {
      "version": "4.0.0",
      "resolved": "http://npm.yin126.com:8081/repository/npm/lodash.isarray/-/lodash.isarray-4.0.0.tgz",
      "integrity": "sha1-KspJayjEym1yZxUxNZDALm6jRAM="
    },
    "lodash.isstring": {
      "version": "4.0.1",
      "resolved": "http://npm.yin126.com:8081/repository/npm/lodash.isstring/-/lodash.isstring-4.0.1.tgz",
      "integrity": "sha1-1SfftUVuynzJu5XV2ur4i6VKVFE="
    }
  }
}
